
Microsoft Visual Studio Solution File, Format Version 12.00
# Visual Studio 15
VisualStudioVersion = 15.0.27428.2002
MinimumVisualStudioVersion = 10.0.40219.1
Project("{FAE04EC0-301F-11D3-BF4B-00C04F79EFBC}") = "TestConsoleApp", "TestConsoleApp\TestConsoleApp.csproj", "{29A4F4D6-43D0-4531-80D3-73290AAA5E2A}"
EndProject
Global
	GlobalSection(SolutionConfigurationPlatforms) = preSolution
		Debug|Any CPU = Debug|Any CPU
		Release|Any CPU = Release|Any CPU
	EndGlobalSection
	GlobalSection(ProjectConfigurationPlatforms) = postSolution
		{29A4F4D6-43D0-4531-80D3-73290AAA5E2A}.Debug|Any CPU.ActiveCfg = Debug|Any CPU
		{29A4F4D6-43D0-4531-80D3-73290AAA5E2A}.Debug|Any CPU.Build.0 = Debug|Any CPU
		{29A4F4D6-43D0-4531-80D3-73290AAA5E2A}.Release|Any CPU.ActiveCfg = Release|Any CPU
		{29A4F4D6-43D0-4531-80D3-73290AAA5E2A}.Release|Any CPU.Build.0 = Release|Any CPU
	EndGlobalSection
	GlobalSection(SolutionProperties) = preSolution
		HideSolutionNode = FALSE
	EndGlobalSection
	GlobalSection(ExtensibilityGlobals) = postSolution
		SolutionGuid = {51A662AB-F7EF-4233-A1BC-E67F1829B522}
	EndGlobalSection
EndGlobal
